
Microsoft Visual Studio Solution File, Format Version 12.00
# Visual Studio Version 17
VisualStudioVersion = 17.5.33530.505
MinimumVisualStudioVersion = 10.0.40219.1
Project("{9A19103F-16F7-4668-BE54-9A1E7A4F7556}") = "ViedoAsyncAvalonia", "ViedoAsyncAvalonia\ViedoAsyncAvalonia.csproj", "{64DAB733-DBBE-4205-A599-EFBE0E5DC02D}"
EndProject
Project("{9A19103F-16F7-4668-BE54-9A1E7A4F7556}") = "ViedoAsyncAvalonia.Desktop", "ViedoAsyncAvalonia.Desktop\ViedoAsyncAvalonia.Desktop.csproj", "{B9218E77-A387-4465-B7E0-E469391FB365}"
EndProject
Global
	GlobalSection(SolutionConfigurationPlatforms) = preSolution
		Debug|Any CPU = Debug|Any CPU
		Release|Any CPU = Release|Any CPU
	EndGlobalSection
	GlobalSection(ProjectConfigurationPlatforms) = postSolution
		{64DAB733-DBBE-4205-A599-EFBE0E5DC02D}.Debug|Any CPU.ActiveCfg = Debug|Any CPU
		{64DAB733-DBBE-4205-A599-EFBE0E5DC02D}.Debug|Any CPU.Build.0 = Debug|Any CPU
		{64DAB733-DBBE-4205-A599-EFBE0E5DC02D}.Release|Any CPU.ActiveCfg = Release|Any CPU
		{64DAB733-DBBE-4205-A599-EFBE0E5DC02D}.Release|Any CPU.Build.0 = Release|Any CPU
		{B9218E77-A387-4465-B7E0-E469391FB365}.Debug|Any CPU.ActiveCfg = Debug|Any CPU
		{B9218E77-A387-4465-B7E0-E469391FB365}.Debug|Any CPU.Build.0 = Debug|Any CPU
		{B9218E77-A387-4465-B7E0-E469391FB365}.Release|Any CPU.ActiveCfg = Release|Any CPU
		{B9218E77-A387-4465-B7E0-E469391FB365}.Release|Any CPU.Build.0 = Release|Any CPU
	EndGlobalSection
	GlobalSection(SolutionProperties) = preSolution
		HideSolutionNode = FALSE
	EndGlobalSection
	GlobalSection(ExtensibilityGlobals) = postSolution
		SolutionGuid = {2DEC58DC-3790-434A-B84A-59B2012C0B24}
	EndGlobalSection
EndGlobal
